
Microsoft Visual Studio Solution File, Format Version 12.00
# Visual Studio 2012
Project("{FAE04EC0-301F-11D3-BF4B-00C04F79EFBC}") = "BearClaw", "BearClaw\BearClaw.csproj", "{777A13B9-C385-4DC6-A32E-916E5C88EDEF}"
EndProject
Global
	GlobalSection(SolutionConfigurationPlatforms) = preSolution
		Debug|Any CPU = Debug|Any CPU
		Release|Any CPU = Release|Any CPU
	EndGlobalSection
	GlobalSection(ProjectConfigurationPlatforms) = postSolution
		{777A13B9-C385-4DC6-A32E-916E5C88EDEF}.Debug|Any CPU.ActiveCfg = Debug|Any CPU
		{777A13B9-C385-4DC6-A32E-916E5C88EDEF}.Debug|Any CPU.Build.0 = Debug|Any CPU
		{777A13B9-C385-4DC6-A32E-916E5C88EDEF}.Release|Any CPU.ActiveCfg = Release|Any CPU
		{777A13B9-C385-4DC6-A32E-916E5C88EDEF}.Release|Any CPU.Build.0 = Release|Any CPU
	EndGlobalSection
	GlobalSection(SolutionProperties) = preSolution
		HideSolutionNode = FALSE
	EndGlobalSection
EndGlobal
